
Microsoft Visual Studio Solution File, Format Version 12.00
# Visual Studio Version 16
VisualStudioVersion = 16.0.30804.86
MinimumVisualStudioVersion = 10.0.40219.1
Project("{FAE04EC0-301F-11D3-BF4B-00C04F79EFBC}") = "Ejer3", "Ejer3\Ejer3.csproj", "{065A94F6-747E-4759-B363-869E1011AF2A}"
EndProject
Global
	GlobalSection(SolutionConfigurationPlatforms) = preSolution
		Debug|Any CPU = Debug|Any CPU
		Release|Any CPU = Release|Any CPU
	EndGlobalSection
	GlobalSection(ProjectConfigurationPlatforms) = postSolution
		{065A94F6-747E-4759-B363-869E1011AF2A}.Debug|Any CPU.ActiveCfg = Debug|Any CPU
		{065A94F6-747E-4759-B363-869E1011AF2A}.Debug|Any CPU.Build.0 = Debug|Any CPU
		{065A94F6-747E-4759-B363-869E1011AF2A}.Release|Any CPU.ActiveCfg = Release|Any CPU
		{065A94F6-747E-4759-B363-869E1011AF2A}.Release|Any CPU.Build.0 = Release|Any CPU
	EndGlobalSection
	GlobalSection(SolutionProperties) = preSolution
		HideSolutionNode = FALSE
	EndGlobalSection
	GlobalSection(ExtensibilityGlobals) = postSolution
		SolutionGuid = {4C422D70-E7A7-408F-A8ED-035013FF2A78}
	EndGlobalSection
EndGlobal
